
Microsoft Visual Studio Solution File, Format Version 12.00
# Visual Studio Version 17
VisualStudioVersion = 17.14.36301.6 d17.14
MinimumVisualStudioVersion = 10.0.40219.1
Project("{FAE04EC0-301F-11D3-BF4B-00C04F79EFBC}") = "HelloWorld", "HelloWorld\HelloWorld.csproj", "{B68DC806-CE37-4F29-B37F-3AA74CD07DAC}"
EndProject
Global
	GlobalSection(SolutionConfigurationPlatforms) = preSolution
		Debug|Any CPU = Debug|Any CPU
		Release|Any CPU = Release|Any CPU
	EndGlobalSection
	GlobalSection(ProjectConfigurationPlatforms) = postSolution
		{B68DC806-CE37-4F29-B37F-3AA74CD07DAC}.Debug|Any CPU.ActiveCfg = Debug|Any CPU
		{B68DC806-CE37-4F29-B37F-3AA74CD07DAC}.Debug|Any CPU.Build.0 = Debug|Any CPU
		{B68DC806-CE37-4F29-B37F-3AA74CD07DAC}.Release|Any CPU.ActiveCfg = Release|Any CPU
		{B68DC806-CE37-4F29-B37F-3AA74CD07DAC}.Release|Any CPU.Build.0 = Release|Any CPU
	EndGlobalSection
	GlobalSection(SolutionProperties) = preSolution
		HideSolutionNode = FALSE
	EndGlobalSection
	GlobalSection(ExtensibilityGlobals) = postSolution
		SolutionGuid = {5B9AA017-66B7-4475-9C5C-5E5B0EAE836A}
	EndGlobalSection
EndGlobal
